
Microsoft Visual Studio Solution File, Format Version 12.00
# Visual Studio Version 17
VisualStudioVersion = 17.0.32002.185
MinimumVisualStudioVersion = 10.0.40219.1
Project("{FAE04EC0-301F-11D3-BF4B-00C04F79EFBC}") = "EDDS_to_DDS", "EDDS_to_DDS\EDDS_to_DDS.csproj", "{9B3F5BB8-DD40-4B66-9395-383EEF0D8A36}"
EndProject
Global
	GlobalSection(SolutionConfigurationPlatforms) = preSolution
		Debug|Any CPU = Debug|Any CPU
		Release|Any CPU = Release|Any CPU
	EndGlobalSection
	GlobalSection(ProjectConfigurationPlatforms) = postSolution
		{9B3F5BB8-DD40-4B66-9395-383EEF0D8A36}.Debug|Any CPU.ActiveCfg = Debug|Any CPU
		{9B3F5BB8-DD40-4B66-9395-383EEF0D8A36}.Debug|Any CPU.Build.0 = Debug|Any CPU
		{9B3F5BB8-DD40-4B66-9395-383EEF0D8A36}.Release|Any CPU.ActiveCfg = Release|Any CPU
		{9B3F5BB8-DD40-4B66-9395-383EEF0D8A36}.Release|Any CPU.Build.0 = Release|Any CPU
	EndGlobalSection
	GlobalSection(SolutionProperties) = preSolution
		HideSolutionNode = FALSE
	EndGlobalSection
	GlobalSection(ExtensibilityGlobals) = postSolution
		SolutionGuid = {4AA0E0C1-F4C4-445D-8EBE-F3837AA5343E}
	EndGlobalSection
EndGlobal
